
Microsoft Visual Studio Solution File, Format Version 11.00
# Visual Studio 2010
Project("{FAE04EC0-301F-11D3-BF4B-00C04F79EFBC}") = "RCCreate", "RCCreate.csproj", "{06DE3668-4599-43CA-BAE1-0F1F8D33C81E}"
EndProject
Global
	GlobalSection(SolutionConfigurationPlatforms) = preSolution
		Debug|Any CPU = Debug|Any CPU
		Release|Any CPU = Release|Any CPU
	EndGlobalSection
	GlobalSection(ProjectConfigurationPlatforms) = postSolution
		{06DE3668-4599-43CA-BAE1-0F1F8D33C81E}.Debug|Any CPU.ActiveCfg = Debug|Any CPU
		{06DE3668-4599-43CA-BAE1-0F1F8D33C81E}.Debug|Any CPU.Build.0 = Debug|Any CPU
		{06DE3668-4599-43CA-BAE1-0F1F8D33C81E}.Release|Any CPU.ActiveCfg = Release|Any CPU
		{06DE3668-4599-43CA-BAE1-0F1F8D33C81E}.Release|Any CPU.Build.0 = Release|Any CPU
	EndGlobalSection
	GlobalSection(SolutionProperties) = preSolution
		HideSolutionNode = FALSE
	EndGlobalSection
EndGlobal
