
Microsoft Visual Studio Solution File, Format Version 11.00
# Visual Studio 2010
Project("{FAE04EC0-301F-11D3-BF4B-00C04F79EFBC}") = "RC_ChangeRoute", "RC_ChangeRoute.csproj", "{4FA47909-6D5A-409B-9494-69BF86295B5E}"
EndProject
Global
	GlobalSection(SolutionConfigurationPlatforms) = preSolution
		Debug|Any CPU = Debug|Any CPU
		Release|Any CPU = Release|Any CPU
	EndGlobalSection
	GlobalSection(ProjectConfigurationPlatforms) = postSolution
		{4FA47909-6D5A-409B-9494-69BF86295B5E}.Debug|Any CPU.ActiveCfg = Debug|Any CPU
		{4FA47909-6D5A-409B-9494-69BF86295B5E}.Debug|Any CPU.Build.0 = Debug|Any CPU
		{4FA47909-6D5A-409B-9494-69BF86295B5E}.Release|Any CPU.ActiveCfg = Release|Any CPU
		{4FA47909-6D5A-409B-9494-69BF86295B5E}.Release|Any CPU.Build.0 = Release|Any CPU
	EndGlobalSection
	GlobalSection(SolutionProperties) = preSolution
		HideSolutionNode = FALSE
	EndGlobalSection
EndGlobal
