
Microsoft Visual Studio Solution File, Format Version 12.00
# Visual Studio 15
VisualStudioVersion = 15.0.28307.902
MinimumVisualStudioVersion = 10.0.40219.1
Project("{FAE04EC0-301F-11D3-BF4B-00C04F79EFBC}") = "BCLabelDll", "BCLabelDll.csproj", "{A1E42243-CD56-4A18-B49F-12E4B6A99C52}"
EndProject
Global
	GlobalSection(SolutionConfigurationPlatforms) = preSolution
		Debug|Any CPU = Debug|Any CPU
		Release|Any CPU = Release|Any CPU
	EndGlobalSection
	GlobalSection(ProjectConfigurationPlatforms) = postSolution
		{A1E42243-CD56-4A18-B49F-12E4B6A99C52}.Debug|Any CPU.ActiveCfg = Debug|Any CPU
		{A1E42243-CD56-4A18-B49F-12E4B6A99C52}.Debug|Any CPU.Build.0 = Debug|Any CPU
		{A1E42243-CD56-4A18-B49F-12E4B6A99C52}.Release|Any CPU.ActiveCfg = Debug|Any CPU
		{A1E42243-CD56-4A18-B49F-12E4B6A99C52}.Release|Any CPU.Build.0 = Debug|Any CPU
	EndGlobalSection
	GlobalSection(SolutionProperties) = preSolution
		HideSolutionNode = FALSE
	EndGlobalSection
	GlobalSection(ExtensibilityGlobals) = postSolution
		SolutionGuid = {4E0C53F2-9AA1-49B4-BDA0-2223F8A66347}
	EndGlobalSection
EndGlobal
