
Microsoft Visual Studio Solution File, Format Version 12.00
# Visual Studio Version 16
VisualStudioVersion = 16.0.29806.167
MinimumVisualStudioVersion = 10.0.40219.1
Project("{FAE04EC0-301F-11D3-BF4B-00C04F79EFBC}") = "CWOStatus", "CWOStatus.csproj", "{FCB6126E-2E89-4D5A-BEDB-2DFDE3AE83D5}"
EndProject
Global
	GlobalSection(SolutionConfigurationPlatforms) = preSolution
		Debug|Any CPU = Debug|Any CPU
		Release|Any CPU = Release|Any CPU
	EndGlobalSection
	GlobalSection(ProjectConfigurationPlatforms) = postSolution
		{FCB6126E-2E89-4D5A-BEDB-2DFDE3AE83D5}.Debug|Any CPU.ActiveCfg = Debug|Any CPU
		{FCB6126E-2E89-4D5A-BEDB-2DFDE3AE83D5}.Debug|Any CPU.Build.0 = Debug|Any CPU
		{FCB6126E-2E89-4D5A-BEDB-2DFDE3AE83D5}.Release|Any CPU.ActiveCfg = Release|Any CPU
		{FCB6126E-2E89-4D5A-BEDB-2DFDE3AE83D5}.Release|Any CPU.Build.0 = Release|Any CPU
	EndGlobalSection
	GlobalSection(SolutionProperties) = preSolution
		HideSolutionNode = FALSE
	EndGlobalSection
	GlobalSection(ExtensibilityGlobals) = postSolution
		SolutionGuid = {92A5F126-A5FD-4627-A6EB-D96CDA53DA50}
	EndGlobalSection
EndGlobal
