
Microsoft Visual Studio Solution File, Format Version 12.00
# Visual Studio Version 16
VisualStudioVersion = 16.0.29806.167
MinimumVisualStudioVersion = 10.0.40219.1
Project("{FAE04EC0-301F-11D3-BF4B-00C04F79EFBC}") = "CWoManager", "CWoManager.csproj", "{A5529A7A-32E6-43BC-811F-9BA4B49F69AD}"
EndProject
Global
	GlobalSection(SolutionConfigurationPlatforms) = preSolution
		Debug|Any CPU = Debug|Any CPU
		Release|Any CPU = Release|Any CPU
	EndGlobalSection
	GlobalSection(ProjectConfigurationPlatforms) = postSolution
		{A5529A7A-32E6-43BC-811F-9BA4B49F69AD}.Debug|Any CPU.ActiveCfg = Debug|Any CPU
		{A5529A7A-32E6-43BC-811F-9BA4B49F69AD}.Debug|Any CPU.Build.0 = Debug|Any CPU
		{A5529A7A-32E6-43BC-811F-9BA4B49F69AD}.Release|Any CPU.ActiveCfg = Release|Any CPU
		{A5529A7A-32E6-43BC-811F-9BA4B49F69AD}.Release|Any CPU.Build.0 = Release|Any CPU
	EndGlobalSection
	GlobalSection(SolutionProperties) = preSolution
		HideSolutionNode = FALSE
	EndGlobalSection
	GlobalSection(ExtensibilityGlobals) = postSolution
		SolutionGuid = {C0DDE133-760E-431E-B410-94DAAE797161}
	EndGlobalSection
EndGlobal
