
Microsoft Visual Studio Solution File, Format Version 12.00
# Visual Studio 15
VisualStudioVersion = 15.0.28307.902
MinimumVisualStudioVersion = 10.0.40219.1
Project("{FAE04EC0-301F-11D3-BF4B-00C04F79EFBC}") = "BCConfig", "BCConfig.csproj", "{741B2162-A4ED-41D9-B51E-7063D93048FF}"
EndProject
Global
	GlobalSection(SolutionConfigurationPlatforms) = preSolution
		Debug|Any CPU = Debug|Any CPU
		Release|Any CPU = Release|Any CPU
	EndGlobalSection
	GlobalSection(ProjectConfigurationPlatforms) = postSolution
		{741B2162-A4ED-41D9-B51E-7063D93048FF}.Debug|Any CPU.ActiveCfg = Debug|Any CPU
		{741B2162-A4ED-41D9-B51E-7063D93048FF}.Debug|Any CPU.Build.0 = Debug|Any CPU
		{741B2162-A4ED-41D9-B51E-7063D93048FF}.Release|Any CPU.ActiveCfg = Release|Any CPU
		{741B2162-A4ED-41D9-B51E-7063D93048FF}.Release|Any CPU.Build.0 = Release|Any CPU
	EndGlobalSection
	GlobalSection(SolutionProperties) = preSolution
		HideSolutionNode = FALSE
	EndGlobalSection
	GlobalSection(ExtensibilityGlobals) = postSolution
		SolutionGuid = {ADA5F3BE-4E8E-49F6-8915-A352FCD84CD2}
	EndGlobalSection
EndGlobal
